
Microsoft Visual Studio Solution File, Format Version 12.00
# Visual Studio Version 16
VisualStudioVersion = 16.0.33423.256
MinimumVisualStudioVersion = 10.0.40219.1
Project("{FAE04EC0-301F-11D3-BF4B-00C04F79EFBC}") = "DapperMVC", "DapperMVC\DapperMVC.csproj", "{2B2DB3BF-F388-4203-BD74-A037191C124B}"
EndProject
Global
	GlobalSection(SolutionConfigurationPlatforms) = preSolution
		Debug|Any CPU = Debug|Any CPU
		Release|Any CPU = Release|Any CPU
	EndGlobalSection
	GlobalSection(ProjectConfigurationPlatforms) = postSolution
		{2B2DB3BF-F388-4203-BD74-A037191C124B}.Debug|Any CPU.ActiveCfg = Debug|Any CPU
		{2B2DB3BF-F388-4203-BD74-A037191C124B}.Debug|Any CPU.Build.0 = Debug|Any CPU
		{2B2DB3BF-F388-4203-BD74-A037191C124B}.Release|Any CPU.ActiveCfg = Release|Any CPU
		{2B2DB3BF-F388-4203-BD74-A037191C124B}.Release|Any CPU.Build.0 = Release|Any CPU
	EndGlobalSection
	GlobalSection(SolutionProperties) = preSolution
		HideSolutionNode = FALSE
	EndGlobalSection
	GlobalSection(ExtensibilityGlobals) = postSolution
		SolutionGuid = {BADDF3F7-83B3-472A-8CAF-C97403AF5037}
	EndGlobalSection
EndGlobal
